Microsoft Visual Studio Solution File, Format Version 12.00
# Visual Studio Version 17
VisualStudioVersion = 17.5.2.0
MinimumVisualStudioVersion = 10.0.40219.1
Project("{FAE04EC0-301F-11D3-BF4B-00C04F79EFBC}") = "CrudProdutosConsole", "CrudProdutosConsole.csproj", "{ABEE0231-F6D9-743B-92A6-A4C432930CC3}"
EndProject
Global
	GlobalSection(SolutionConfigurationPlatforms) = preSolution
		Debug|Any CPU = Debug|Any CPU
		Release|Any CPU = Release|Any CPU
	EndGlobalSection
	GlobalSection(ProjectConfigurationPlatforms) = postSolution
		{ABEE0231-F6D9-743B-92A6-A4C432930CC3}.Debug|Any CPU.ActiveCfg = Debug|Any CPU
		{ABEE0231-F6D9-743B-92A6-A4C432930CC3}.Debug|Any CPU.Build.0 = Debug|Any CPU
		{ABEE0231-F6D9-743B-92A6-A4C432930CC3}.Release|Any CPU.ActiveCfg = Release|Any CPU
		{ABEE0231-F6D9-743B-92A6-A4C432930CC3}.Release|Any CPU.Build.0 = Release|Any CPU
	EndGlobalSection
	GlobalSection(SolutionProperties) = preSolution
		HideSolutionNode = FALSE
	EndGlobalSection
	GlobalSection(ExtensibilityGlobals) = postSolution
		SolutionGuid = {0A6E7080-2A6B-4429-93CD-E752A7023613}
	EndGlobalSection
EndGlobal
